
Microsoft Visual Studio Solution File, Format Version 12.00
# Visual Studio Version 17
VisualStudioVersion = 17.14.36127.28 d17.14
MinimumVisualStudioVersion = 10.0.40219.1
Project("{FAE04EC0-301F-11D3-BF4B-00C04F79EFBC}") = "Tonnet", "Tonnet\Tonnet.csproj", "{2168AA83-CB4A-4AE6-B02C-675474212EA2}"
EndProject
Project("{FAE04EC0-301F-11D3-BF4B-00C04F79EFBC}") = "Tonnet.Tests", "Tonnet.Tests\Tonnet.Tests.csproj", "{CE623595-0465-4653-A614-5EE2CEE7ACD5}"
EndProject
Global
	GlobalSection(SolutionConfigurationPlatforms) = preSolution
		Debug|Any CPU = Debug|Any CPU
		Release|Any CPU = Release|Any CPU
	EndGlobalSection
	GlobalSection(ProjectConfigurationPlatforms) = postSolution
		{2168AA83-CB4A-4AE6-B02C-675474212EA2}.Debug|Any CPU.ActiveCfg = Debug|Any CPU
		{2168AA83-CB4A-4AE6-B02C-675474212EA2}.Debug|Any CPU.Build.0 = Debug|Any CPU
		{2168AA83-CB4A-4AE6-B02C-675474212EA2}.Release|Any CPU.ActiveCfg = Release|Any CPU
		{2168AA83-CB4A-4AE6-B02C-675474212EA2}.Release|Any CPU.Build.0 = Release|Any CPU
		{CE623595-0465-4653-A614-5EE2CEE7ACD5}.Debug|Any CPU.ActiveCfg = Debug|Any CPU
		{CE623595-0465-4653-A614-5EE2CEE7ACD5}.Debug|Any CPU.Build.0 = Debug|Any CPU
		{CE623595-0465-4653-A614-5EE2CEE7ACD5}.Release|Any CPU.ActiveCfg = Release|Any CPU
		{CE623595-0465-4653-A614-5EE2CEE7ACD5}.Release|Any CPU.Build.0 = Release|Any CPU
	EndGlobalSection
	GlobalSection(SolutionProperties) = preSolution
		HideSolutionNode = FALSE
	EndGlobalSection
	GlobalSection(ExtensibilityGlobals) = postSolution
		SolutionGuid = {CC4964E9-752B-4C3E-AC60-67CB9A378DCC}
	EndGlobalSection
EndGlobal
